
Microsoft Visual Studio Solution File, Format Version 12.00
# Visual Studio Version 17
VisualStudioVersion = 17.4.33213.308
MinimumVisualStudioVersion = 10.0.40219.1
Project("{FAE04EC0-301F-11D3-BF4B-00C04F79EFBC}") = "UnitedChecker", "UnitedChecker\UnitedChecker.csproj", "{26B8FFFF-6B85-4772-A853-7F4E2B7DF39C}"
EndProject
Global
	GlobalSection(SolutionConfigurationPlatforms) = preSolution
		Debug|Any CPU = Debug|Any CPU
		Release|Any CPU = Release|Any CPU
	EndGlobalSection
	GlobalSection(ProjectConfigurationPlatforms) = postSolution
		{26B8FFFF-6B85-4772-A853-7F4E2B7DF39C}.Debug|Any CPU.ActiveCfg = Debug|Any CPU
		{26B8FFFF-6B85-4772-A853-7F4E2B7DF39C}.Debug|Any CPU.Build.0 = Debug|Any CPU
		{26B8FFFF-6B85-4772-A853-7F4E2B7DF39C}.Release|Any CPU.ActiveCfg = Release|Any CPU
		{26B8FFFF-6B85-4772-A853-7F4E2B7DF39C}.Release|Any CPU.Build.0 = Release|Any CPU
	EndGlobalSection
	GlobalSection(SolutionProperties) = preSolution
		HideSolutionNode = FALSE
	EndGlobalSection
	GlobalSection(ExtensibilityGlobals) = postSolution
		SolutionGuid = {B237D207-42F8-445A-9B70-8DE8AD6718A1}
	EndGlobalSection
EndGlobal
